
Microsoft Visual Studio Solution File, Format Version 12.00
# Visual Studio Version 16
VisualStudioVersion = 16.0.30907.101
MinimumVisualStudioVersion = 10.0.40219.1
Project("{9A19103F-16F7-4668-BE54-9A1E7A4F7556}") = "NS7Workbench", "NS7Workbench\NS7Workbench.csproj", "{457FF7D1-8259-424E-AB3D-CC8D3EC4F5C7}"
EndProject
Project("{9A19103F-16F7-4668-BE54-9A1E7A4F7556}") = "NS7V2", "NS7V2\NS7V2.csproj", "{69C446BA-FFD5-4DBC-9258-A73D772C6C2A}"
EndProject
Project("{FAE04EC0-301F-11D3-BF4B-00C04F79EFBC}") = "CaotunSpring002", "CaotunSpring002\CaotunSpring002.csproj", "{AC93D014-DFD4-464D-A6C4-D89A32F8546D}"
EndProject
Project("{FAE04EC0-301F-11D3-BF4B-00C04F79EFBC}") = "NS002", "NS002\NS002.csproj", "{CF3B1015-35D6-4B82-9FFA-15E519978915}"
EndProject
Global
	GlobalSection(SolutionConfigurationPlatforms) = preSolution
		Debug|Any CPU = Debug|Any CPU
		Release|Any CPU = Release|Any CPU
	EndGlobalSection
	GlobalSection(ProjectConfigurationPlatforms) = postSolution
		{457FF7D1-8259-424E-AB3D-CC8D3EC4F5C7}.Debug|Any CPU.ActiveCfg = Debug|Any CPU
		{457FF7D1-8259-424E-AB3D-CC8D3EC4F5C7}.Debug|Any CPU.Build.0 = Debug|Any CPU
		{457FF7D1-8259-424E-AB3D-CC8D3EC4F5C7}.Release|Any CPU.ActiveCfg = Release|Any CPU
		{457FF7D1-8259-424E-AB3D-CC8D3EC4F5C7}.Release|Any CPU.Build.0 = Release|Any CPU
		{69C446BA-FFD5-4DBC-9258-A73D772C6C2A}.Debug|Any CPU.ActiveCfg = Debug|Any CPU
		{69C446BA-FFD5-4DBC-9258-A73D772C6C2A}.Debug|Any CPU.Build.0 = Debug|Any CPU
		{69C446BA-FFD5-4DBC-9258-A73D772C6C2A}.Release|Any CPU.ActiveCfg = Release|Any CPU
		{69C446BA-FFD5-4DBC-9258-A73D772C6C2A}.Release|Any CPU.Build.0 = Release|Any CPU
		{AC93D014-DFD4-464D-A6C4-D89A32F8546D}.Debug|Any CPU.ActiveCfg = Debug|Any CPU
		{AC93D014-DFD4-464D-A6C4-D89A32F8546D}.Debug|Any CPU.Build.0 = Debug|Any CPU
		{AC93D014-DFD4-464D-A6C4-D89A32F8546D}.Release|Any CPU.ActiveCfg = Release|Any CPU
		{AC93D014-DFD4-464D-A6C4-D89A32F8546D}.Release|Any CPU.Build.0 = Release|Any CPU
		{CF3B1015-35D6-4B82-9FFA-15E519978915}.Debug|Any CPU.ActiveCfg = Debug|Any CPU
		{CF3B1015-35D6-4B82-9FFA-15E519978915}.Debug|Any CPU.Build.0 = Debug|Any CPU
		{CF3B1015-35D6-4B82-9FFA-15E519978915}.Release|Any CPU.ActiveCfg = Release|Any CPU
		{CF3B1015-35D6-4B82-9FFA-15E519978915}.Release|Any CPU.Build.0 = Release|Any CPU
	EndGlobalSection
	GlobalSection(SolutionProperties) = preSolution
		HideSolutionNode = FALSE
	EndGlobalSection
	GlobalSection(ExtensibilityGlobals) = postSolution
		SolutionGuid = {C4B97F9C-57DB-4141-8B31-0A5274D1A402}
	EndGlobalSection
EndGlobal
