
Microsoft Visual Studio Solution File, Format Version 12.00
# Visual Studio Version 16
VisualStudioVersion = 16.0.30907.101
MinimumVisualStudioVersion = 10.0.40219.1
Project("{9A19103F-16F7-4668-BE54-9A1E7A4F7556}") = "NS7Workbench", "NS7Workbench\NS7Workbench.csproj", "{457FF7D1-8259-424E-AB3D-CC8D3EC4F5C7}"
EndProject
Project("{9A19103F-16F7-4668-BE54-9A1E7A4F7556}") = "NS7V2", "NS7V2\NS7V2.csproj", "{69C446BA-FFD5-4DBC-9258-A73D772C6C2A}"
EndProject
Project("{9A19103F-16F7-4668-BE54-9A1E7A4F7556}") = "CaotunSpringC000Components", "CaotunSpringC000Components\CaotunSpringC000Components.csproj", "{305B2C99-E05F-43B2-A41E-25DCB700C67B}"
EndProject
Global
	GlobalSection(SolutionConfigurationPlatforms) = preSolution
		Debug|Any CPU = Debug|Any CPU
		Release|Any CPU = Release|Any CPU
	EndGlobalSection
	GlobalSection(ProjectConfigurationPlatforms) = postSolution
		{457FF7D1-8259-424E-AB3D-CC8D3EC4F5C7}.Debug|Any CPU.ActiveCfg = Debug|Any CPU
		{457FF7D1-8259-424E-AB3D-CC8D3EC4F5C7}.Debug|Any CPU.Build.0 = Debug|Any CPU
		{457FF7D1-8259-424E-AB3D-CC8D3EC4F5C7}.Release|Any CPU.ActiveCfg = Release|Any CPU
		{457FF7D1-8259-424E-AB3D-CC8D3EC4F5C7}.Release|Any CPU.Build.0 = Release|Any CPU
		{69C446BA-FFD5-4DBC-9258-A73D772C6C2A}.Debug|Any CPU.ActiveCfg = Debug|Any CPU
		{69C446BA-FFD5-4DBC-9258-A73D772C6C2A}.Debug|Any CPU.Build.0 = Debug|Any CPU
		{69C446BA-FFD5-4DBC-9258-A73D772C6C2A}.Release|Any CPU.ActiveCfg = Release|Any CPU
		{69C446BA-FFD5-4DBC-9258-A73D772C6C2A}.Release|Any CPU.Build.0 = Release|Any CPU
		{305B2C99-E05F-43B2-A41E-25DCB700C67B}.Debug|Any CPU.ActiveCfg = Debug|Any CPU
		{305B2C99-E05F-43B2-A41E-25DCB700C67B}.Debug|Any CPU.Build.0 = Debug|Any CPU
		{305B2C99-E05F-43B2-A41E-25DCB700C67B}.Release|Any CPU.ActiveCfg = Release|Any CPU
		{305B2C99-E05F-43B2-A41E-25DCB700C67B}.Release|Any CPU.Build.0 = Release|Any CPU
	EndGlobalSection
	GlobalSection(SolutionProperties) = preSolution
		HideSolutionNode = FALSE
	EndGlobalSection
	GlobalSection(ExtensibilityGlobals) = postSolution
		SolutionGuid = {C4B97F9C-57DB-4141-8B31-0A5274D1A402}
	EndGlobalSection
EndGlobal
