
Microsoft Visual Studio Solution File, Format Version 12.00
# Visual Studio Version 16
VisualStudioVersion = 16.0.30907.101
MinimumVisualStudioVersion = 10.0.40219.1
Project("{9A19103F-16F7-4668-BE54-9A1E7A4F7556}") = "NS5", "NS5.csproj", "{96352D4C-8343-444B-A164-DAFF2BE05B35}"
EndProject
Project("{FAE04EC0-301F-11D3-BF4B-00C04F79EFBC}") = "NS5Comp", "..\NS5Comp\NS5Comp.csproj", "{B02CC55D-E9D4-441A-8B15-47DB8E055058}"
EndProject
Global
	GlobalSection(SolutionConfigurationPlatforms) = preSolution
		Debug|Any CPU = Debug|Any CPU
		Release|Any CPU = Release|Any CPU
	EndGlobalSection
	GlobalSection(ProjectConfigurationPlatforms) = postSolution
		{96352D4C-8343-444B-A164-DAFF2BE05B35}.Debug|Any CPU.ActiveCfg = Debug|Any CPU
		{96352D4C-8343-444B-A164-DAFF2BE05B35}.Debug|Any CPU.Build.0 = Debug|Any CPU
		{96352D4C-8343-444B-A164-DAFF2BE05B35}.Release|Any CPU.ActiveCfg = Release|Any CPU
		{96352D4C-8343-444B-A164-DAFF2BE05B35}.Release|Any CPU.Build.0 = Release|Any CPU
		{B02CC55D-E9D4-441A-8B15-47DB8E055058}.Debug|Any CPU.ActiveCfg = Debug|Any CPU
		{B02CC55D-E9D4-441A-8B15-47DB8E055058}.Debug|Any CPU.Build.0 = Debug|Any CPU
		{B02CC55D-E9D4-441A-8B15-47DB8E055058}.Release|Any CPU.ActiveCfg = Release|Any CPU
		{B02CC55D-E9D4-441A-8B15-47DB8E055058}.Release|Any CPU.Build.0 = Release|Any CPU
	EndGlobalSection
	GlobalSection(SolutionProperties) = preSolution
		HideSolutionNode = FALSE
	EndGlobalSection
	GlobalSection(ExtensibilityGlobals) = postSolution
		SolutionGuid = {A2DC6402-1E16-4C2D-84B3-4ABCF1B20B66}
	EndGlobalSection
EndGlobal
